
Microsoft Visual Studio Solution File, Format Version 12.00
# Visual Studio Version 17
VisualStudioVersion = 17.11.35222.181
MinimumVisualStudioVersion = 10.0.40219.1
Project("{FAE04EC0-301F-11D3-BF4B-00C04F79EFBC}") = "practica_paramamor", "practica_paramamor\practica_paramamor.csproj", "{190C727B-E87F-4BEA-B83E-7633C4B272FD}"
EndProject
Global
	GlobalSection(SolutionConfigurationPlatforms) = preSolution
		Debug|Any CPU = Debug|Any CPU
		Release|Any CPU = Release|Any CPU
	EndGlobalSection
	GlobalSection(ProjectConfigurationPlatforms) = postSolution
		{190C727B-E87F-4BEA-B83E-7633C4B272FD}.Debug|Any CPU.ActiveCfg = Debug|Any CPU
		{190C727B-E87F-4BEA-B83E-7633C4B272FD}.Debug|Any CPU.Build.0 = Debug|Any CPU
		{190C727B-E87F-4BEA-B83E-7633C4B272FD}.Release|Any CPU.ActiveCfg = Release|Any CPU
		{190C727B-E87F-4BEA-B83E-7633C4B272FD}.Release|Any CPU.Build.0 = Release|Any CPU
	EndGlobalSection
	GlobalSection(SolutionProperties) = preSolution
		HideSolutionNode = FALSE
	EndGlobalSection
	GlobalSection(ExtensibilityGlobals) = postSolution
		SolutionGuid = {E601E527-C14B-42CD-9FEE-0541183DB0AF}
	EndGlobalSection
EndGlobal
