
Microsoft Visual Studio Solution File, Format Version 12.00
# Visual Studio Version 17
VisualStudioVersion = 17.11.35222.181
MinimumVisualStudioVersion = 10.0.40219.1
Project("{FAE04EC0-301F-11D3-BF4B-00C04F79EFBC}") = "Ejercicio12_fruteria_y_descuentos", "Ejercicio12_fruteria_y_descuentos\Ejercicio12_fruteria_y_descuentos.csproj", "{EE120978-F162-4E60-844F-7E292DC9D293}"
EndProject
Global
	GlobalSection(SolutionConfigurationPlatforms) = preSolution
		Debug|Any CPU = Debug|Any CPU
		Release|Any CPU = Release|Any CPU
	EndGlobalSection
	GlobalSection(ProjectConfigurationPlatforms) = postSolution
		{EE120978-F162-4E60-844F-7E292DC9D293}.Debug|Any CPU.ActiveCfg = Debug|Any CPU
		{EE120978-F162-4E60-844F-7E292DC9D293}.Debug|Any CPU.Build.0 = Debug|Any CPU
		{EE120978-F162-4E60-844F-7E292DC9D293}.Release|Any CPU.ActiveCfg = Release|Any CPU
		{EE120978-F162-4E60-844F-7E292DC9D293}.Release|Any CPU.Build.0 = Release|Any CPU
	EndGlobalSection
	GlobalSection(SolutionProperties) = preSolution
		HideSolutionNode = FALSE
	EndGlobalSection
	GlobalSection(ExtensibilityGlobals) = postSolution
		SolutionGuid = {2F24D415-E3A2-4290-B4D8-31C1C7603019}
	EndGlobalSection
EndGlobal
